
Microsoft Visual Studio Solution File, Format Version 12.00
# Visual Studio Version 16
VisualStudioVersion = 16.0.30114.105
MinimumVisualStudioVersion = 10.0.40219.1
Project("{FAE04EC0-301F-11D3-BF4B-00C04F79EFBC}") = "BL", "BL\BL.csproj", "{669B1D14-9260-4F6A-9922-43BD057569E4}"
EndProject
Project("{FAE04EC0-301F-11D3-BF4B-00C04F79EFBC}") = "DL", "DL\DL.csproj", "{23D1B074-7383-425B-8935-71C5B7D7FB9A}"
EndProject
Project("{FAE04EC0-301F-11D3-BF4B-00C04F79EFBC}") = "Models", "Models\Models.csproj", "{B5364F6D-C4AB-4200-81DF-A3EA371EBE02}"
EndProject
Project("{FAE04EC0-301F-11D3-BF4B-00C04F79EFBC}") = "UI", "UI\UI.csproj", "{5D6F8F27-7401-40B0-BA8A-8E78AB3A5F17}"
EndProject
Project("{FAE04EC0-301F-11D3-BF4B-00C04F79EFBC}") = "Tests", "Tests\Tests.csproj", "{40817EE0-959A-4180-8545-65967C78D414}"
EndProject
Global
	GlobalSection(SolutionConfigurationPlatforms) = preSolution
		Debug|Any CPU = Debug|Any CPU
		Debug|x64 = Debug|x64
		Debug|x86 = Debug|x86
		Release|Any CPU = Release|Any CPU
		Release|x64 = Release|x64
		Release|x86 = Release|x86
	EndGlobalSection
	GlobalSection(SolutionProperties) = preSolution
		HideSolutionNode = FALSE
	EndGlobalSection
	GlobalSection(ProjectConfigurationPlatforms) = postSolution
		{669B1D14-9260-4F6A-9922-43BD057569E4}.Debug|Any CPU.ActiveCfg = Debug|Any CPU
		{669B1D14-9260-4F6A-9922-43BD057569E4}.Debug|Any CPU.Build.0 = Debug|Any CPU
		{669B1D14-9260-4F6A-9922-43BD057569E4}.Debug|x64.ActiveCfg = Debug|Any CPU
		{669B1D14-9260-4F6A-9922-43BD057569E4}.Debug|x64.Build.0 = Debug|Any CPU
		{669B1D14-9260-4F6A-9922-43BD057569E4}.Debug|x86.ActiveCfg = Debug|Any CPU
		{669B1D14-9260-4F6A-9922-43BD057569E4}.Debug|x86.Build.0 = Debug|Any CPU
		{669B1D14-9260-4F6A-9922-43BD057569E4}.Release|Any CPU.ActiveCfg = Release|Any CPU
		{669B1D14-9260-4F6A-9922-43BD057569E4}.Release|Any CPU.Build.0 = Release|Any CPU
		{669B1D14-9260-4F6A-9922-43BD057569E4}.Release|x64.ActiveCfg = Release|Any CPU
		{669B1D14-9260-4F6A-9922-43BD057569E4}.Release|x64.Build.0 = Release|Any CPU
		{669B1D14-9260-4F6A-9922-43BD057569E4}.Release|x86.ActiveCfg = Release|Any CPU
		{669B1D14-9260-4F6A-9922-43BD057569E4}.Release|x86.Build.0 = Release|Any CPU
		{23D1B074-7383-425B-8935-71C5B7D7FB9A}.Debug|Any CPU.ActiveCfg = Debug|Any CPU
		{23D1B074-7383-425B-8935-71C5B7D7FB9A}.Debug|Any CPU.Build.0 = Debug|Any CPU
		{23D1B074-7383-425B-8935-71C5B7D7FB9A}.Debug|x64.ActiveCfg = Debug|Any CPU
		{23D1B074-7383-425B-8935-71C5B7D7FB9A}.Debug|x64.Build.0 = Debug|Any CPU
		{23D1B074-7383-425B-8935-71C5B7D7FB9A}.Debug|x86.ActiveCfg = Debug|Any CPU
		{23D1B074-7383-425B-8935-71C5B7D7FB9A}.Debug|x86.Build.0 = Debug|Any CPU
		{23D1B074-7383-425B-8935-71C5B7D7FB9A}.Release|Any CPU.ActiveCfg = Release|Any CPU
		{23D1B074-7383-425B-8935-71C5B7D7FB9A}.Release|Any CPU.Build.0 = Release|Any CPU
		{23D1B074-7383-425B-8935-71C5B7D7FB9A}.Release|x64.ActiveCfg = Release|Any CPU
		{23D1B074-7383-425B-8935-71C5B7D7FB9A}.Release|x64.Build.0 = Release|Any CPU
		{23D1B074-7383-425B-8935-71C5B7D7FB9A}.Release|x86.ActiveCfg = Release|Any CPU
		{23D1B074-7383-425B-8935-71C5B7D7FB9A}.Release|x86.Build.0 = Release|Any CPU
		{B5364F6D-C4AB-4200-81DF-A3EA371EBE02}.Debug|Any CPU.ActiveCfg = Debug|Any CPU
		{B5364F6D-C4AB-4200-81DF-A3EA371EBE02}.Debug|Any CPU.Build.0 = Debug|Any CPU
		{B5364F6D-C4AB-4200-81DF-A3EA371EBE02}.Debug|x64.ActiveCfg = Debug|Any CPU
		{B5364F6D-C4AB-4200-81DF-A3EA371EBE02}.Debug|x64.Build.0 = Debug|Any CPU
		{B5364F6D-C4AB-4200-81DF-A3EA371EBE02}.Debug|x86.ActiveCfg = Debug|Any CPU
		{B5364F6D-C4AB-4200-81DF-A3EA371EBE02}.Debug|x86.Build.0 = Debug|Any CPU
		{B5364F6D-C4AB-4200-81DF-A3EA371EBE02}.Release|Any CPU.ActiveCfg = Release|Any CPU
		{B5364F6D-C4AB-4200-81DF-A3EA371EBE02}.Release|Any CPU.Build.0 = Release|Any CPU
		{B5364F6D-C4AB-4200-81DF-A3EA371EBE02}.Release|x64.ActiveCfg = Release|Any CPU
		{B5364F6D-C4AB-4200-81DF-A3EA371EBE02}.Release|x64.Build.0 = Release|Any CPU
		{B5364F6D-C4AB-4200-81DF-A3EA371EBE02}.Release|x86.ActiveCfg = Release|Any CPU
		{B5364F6D-C4AB-4200-81DF-A3EA371EBE02}.Release|x86.Build.0 = Release|Any CPU
		{5D6F8F27-7401-40B0-BA8A-8E78AB3A5F17}.Debug|Any CPU.ActiveCfg = Debug|Any CPU
		{5D6F8F27-7401-40B0-BA8A-8E78AB3A5F17}.Debug|Any CPU.Build.0 = Debug|Any CPU
		{5D6F8F27-7401-40B0-BA8A-8E78AB3A5F17}.Debug|x64.ActiveCfg = Debug|Any CPU
		{5D6F8F27-7401-40B0-BA8A-8E78AB3A5F17}.Debug|x64.Build.0 = Debug|Any CPU
		{5D6F8F27-7401-40B0-BA8A-8E78AB3A5F17}.Debug|x86.ActiveCfg = Debug|Any CPU
		{5D6F8F27-7401-40B0-BA8A-8E78AB3A5F17}.Debug|x86.Build.0 = Debug|Any CPU
		{5D6F8F27-7401-40B0-BA8A-8E78AB3A5F17}.Release|Any CPU.ActiveCfg = Release|Any CPU
		{5D6F8F27-7401-40B0-BA8A-8E78AB3A5F17}.Release|Any CPU.Build.0 = Release|Any CPU
		{5D6F8F27-7401-40B0-BA8A-8E78AB3A5F17}.Release|x64.ActiveCfg = Release|Any CPU
		{5D6F8F27-7401-40B0-BA8A-8E78AB3A5F17}.Release|x64.Build.0 = Release|Any CPU
		{5D6F8F27-7401-40B0-BA8A-8E78AB3A5F17}.Release|x86.ActiveCfg = Release|Any CPU
		{5D6F8F27-7401-40B0-BA8A-8E78AB3A5F17}.Release|x86.Build.0 = Release|Any CPU
		{40817EE0-959A-4180-8545-65967C78D414}.Debug|Any CPU.ActiveCfg = Debug|Any CPU
		{40817EE0-959A-4180-8545-65967C78D414}.Debug|Any CPU.Build.0 = Debug|Any CPU
		{40817EE0-959A-4180-8545-65967C78D414}.Debug|x64.ActiveCfg = Debug|Any CPU
		{40817EE0-959A-4180-8545-65967C78D414}.Debug|x64.Build.0 = Debug|Any CPU
		{40817EE0-959A-4180-8545-65967C78D414}.Debug|x86.ActiveCfg = Debug|Any CPU
		{40817EE0-959A-4180-8545-65967C78D414}.Debug|x86.Build.0 = Debug|Any CPU
		{40817EE0-959A-4180-8545-65967C78D414}.Release|Any CPU.ActiveCfg = Release|Any CPU
		{40817EE0-959A-4180-8545-65967C78D414}.Release|Any CPU.Build.0 = Release|Any CPU
		{40817EE0-959A-4180-8545-65967C78D414}.Release|x64.ActiveCfg = Release|Any CPU
		{40817EE0-959A-4180-8545-65967C78D414}.Release|x64.Build.0 = Release|Any CPU
		{40817EE0-959A-4180-8545-65967C78D414}.Release|x86.ActiveCfg = Release|Any CPU
		{40817EE0-959A-4180-8545-65967C78D414}.Release|x86.Build.0 = Release|Any CPU
	EndGlobalSection
EndGlobal
